
Microsoft Visual Studio Solution File, Format Version 12.00
# Visual Studio Version 16
VisualStudioVersion = 16.0.29728.190
MinimumVisualStudioVersion = 10.0.40219.1
Project("{FAE04EC0-301F-11D3-BF4B-00C04F79EFBC}") = "Winkelmandje", "Winkelmandje\Winkelmandje.csproj", "{56F65E32-40B7-42C0-9352-07F634CC6CA5}"
EndProject
Project("{FAE04EC0-301F-11D3-BF4B-00C04F79EFBC}") = "ConsoleApp", "ConsoleApp\ConsoleApp.csproj", "{22A681AA-0785-4ACD-A6DA-25EF60D468CB}"
EndProject
Global
	GlobalSection(SolutionConfigurationPlatforms) = preSolution
		Debug|Any CPU = Debug|Any CPU
		Release|Any CPU = Release|Any CPU
	EndGlobalSection
	GlobalSection(ProjectConfigurationPlatforms) = postSolution
		{56F65E32-40B7-42C0-9352-07F634CC6CA5}.Debug|Any CPU.ActiveCfg = Debug|Any CPU
		{56F65E32-40B7-42C0-9352-07F634CC6CA5}.Debug|Any CPU.Build.0 = Debug|Any CPU
		{56F65E32-40B7-42C0-9352-07F634CC6CA5}.Release|Any CPU.ActiveCfg = Release|Any CPU
		{56F65E32-40B7-42C0-9352-07F634CC6CA5}.Release|Any CPU.Build.0 = Release|Any CPU
		{22A681AA-0785-4ACD-A6DA-25EF60D468CB}.Debug|Any CPU.ActiveCfg = Debug|Any CPU
		{22A681AA-0785-4ACD-A6DA-25EF60D468CB}.Debug|Any CPU.Build.0 = Debug|Any CPU
		{22A681AA-0785-4ACD-A6DA-25EF60D468CB}.Release|Any CPU.ActiveCfg = Release|Any CPU
		{22A681AA-0785-4ACD-A6DA-25EF60D468CB}.Release|Any CPU.Build.0 = Release|Any CPU
	EndGlobalSection
	GlobalSection(SolutionProperties) = preSolution
		HideSolutionNode = FALSE
	EndGlobalSection
	GlobalSection(ExtensibilityGlobals) = postSolution
		SolutionGuid = {737E54F3-83A2-4CA0-B6B2-D5873FB8B6DA}
	EndGlobalSection
EndGlobal
